
Microsoft Visual Studio Solution File, Format Version 12.00
# Visual Studio 15
VisualStudioVersion = 15.0.27130.2027
MinimumVisualStudioVersion = 10.0.40219.1
Project("{8BC9CEB8-8B4A-11D0-8D11-00A0C91BC942}") = "Architecture", "GameEngine\GameEngine.vcxproj", "{D329C51B-6485-4D28-87E9-ABA7C70A6270}"
EndProject
Project("{8BC9CEB8-8B4A-11D0-8D11-00A0C91BC942}") = "SystemTests", "SystemTests\SystemTests.vcxproj", "{51328C9A-88E9-46C3-995D-64F2832DC440}"
EndProject
Project("{2150E333-8FDC-42A3-9474-1A3956D46DE8}") = "Documentation", "Documentation", "{FCD1B1B4-12D6-4768-B8AE-002BD24A0D16}"
	ProjectSection(SolutionItems) = preProject
		Doxygen\Doxyfile = Doxygen\Doxyfile
		Documentation\html\index.html = Documentation\html\index.html
		Doxygen\main.dox = Doxygen\main.dox
	EndProjectSection
EndProject
Project("{8BC9CEB8-8B4A-11D0-8D11-00A0C91BC942}") = "Model", "Model\Model.vcxproj", "{89AC07E8-DCBD-49E8-B99F-A573A19339FF}"
	ProjectSection(ProjectDependencies) = postProject
		{D329C51B-6485-4D28-87E9-ABA7C70A6270} = {D329C51B-6485-4D28-87E9-ABA7C70A6270}
	EndProjectSection
EndProject
Project("{2150E333-8FDC-42A3-9474-1A3956D46DE8}") = "Requirements", "Requirements", "{32C75078-F6CE-4C5C-952B-3F462E9EC1DC}"
	ProjectSection(SolutionItems) = preProject
		Doxygen\Requirements\reqs.dox = Doxygen\Requirements\reqs.dox
	EndProjectSection
EndProject
Project("{2150E333-8FDC-42A3-9474-1A3956D46DE8}") = "Architecture", "Architecture", "{D9AE1023-3C9E-46CE-AE99-2F05B9F45325}"
	ProjectSection(SolutionItems) = preProject
		Doxygen\Requirements\system\jobs.dox = Doxygen\Requirements\system\jobs.dox
		Doxygen\Requirements\system\thread.dox = Doxygen\Requirements\system\thread.dox
	EndProjectSection
EndProject
Global
	GlobalSection(SolutionConfigurationPlatforms) = preSolution
		Debug|x64 = Debug|x64
		Debug|x86 = Debug|x86
		Release|x64 = Release|x64
		Release|x86 = Release|x86
	EndGlobalSection
	GlobalSection(ProjectConfigurationPlatforms) = postSolution
		{D329C51B-6485-4D28-87E9-ABA7C70A6270}.Debug|x64.ActiveCfg = Debug|x64
		{D329C51B-6485-4D28-87E9-ABA7C70A6270}.Debug|x64.Build.0 = Debug|x64
		{D329C51B-6485-4D28-87E9-ABA7C70A6270}.Debug|x86.ActiveCfg = Debug|Win32
		{D329C51B-6485-4D28-87E9-ABA7C70A6270}.Debug|x86.Build.0 = Debug|Win32
		{D329C51B-6485-4D28-87E9-ABA7C70A6270}.Release|x64.ActiveCfg = Release|x64
		{D329C51B-6485-4D28-87E9-ABA7C70A6270}.Release|x64.Build.0 = Release|x64
		{D329C51B-6485-4D28-87E9-ABA7C70A6270}.Release|x86.ActiveCfg = Release|Win32
		{D329C51B-6485-4D28-87E9-ABA7C70A6270}.Release|x86.Build.0 = Release|Win32
		{51328C9A-88E9-46C3-995D-64F2832DC440}.Debug|x64.ActiveCfg = Debug|x64
		{51328C9A-88E9-46C3-995D-64F2832DC440}.Debug|x64.Build.0 = Debug|x64
		{51328C9A-88E9-46C3-995D-64F2832DC440}.Debug|x86.ActiveCfg = Debug|Win32
		{51328C9A-88E9-46C3-995D-64F2832DC440}.Debug|x86.Build.0 = Debug|Win32
		{51328C9A-88E9-46C3-995D-64F2832DC440}.Release|x64.ActiveCfg = Release|x64
		{51328C9A-88E9-46C3-995D-64F2832DC440}.Release|x64.Build.0 = Release|x64
		{51328C9A-88E9-46C3-995D-64F2832DC440}.Release|x86.ActiveCfg = Release|Win32
		{51328C9A-88E9-46C3-995D-64F2832DC440}.Release|x86.Build.0 = Release|Win32
		{89AC07E8-DCBD-49E8-B99F-A573A19339FF}.Debug|x64.ActiveCfg = Debug|x64
		{89AC07E8-DCBD-49E8-B99F-A573A19339FF}.Debug|x64.Build.0 = Debug|x64
		{89AC07E8-DCBD-49E8-B99F-A573A19339FF}.Debug|x86.ActiveCfg = Debug|Win32
		{89AC07E8-DCBD-49E8-B99F-A573A19339FF}.Debug|x86.Build.0 = Debug|Win32
		{89AC07E8-DCBD-49E8-B99F-A573A19339FF}.Release|x64.ActiveCfg = Release|x64
		{89AC07E8-DCBD-49E8-B99F-A573A19339FF}.Release|x64.Build.0 = Release|x64
		{89AC07E8-DCBD-49E8-B99F-A573A19339FF}.Release|x86.ActiveCfg = Release|Win32
		{89AC07E8-DCBD-49E8-B99F-A573A19339FF}.Release|x86.Build.0 = Release|Win32
	EndGlobalSection
	GlobalSection(SolutionProperties) = preSolution
		HideSolutionNode = FALSE
	EndGlobalSection
	GlobalSection(NestedProjects) = preSolution
		{32C75078-F6CE-4C5C-952B-3F462E9EC1DC} = {FCD1B1B4-12D6-4768-B8AE-002BD24A0D16}
		{D9AE1023-3C9E-46CE-AE99-2F05B9F45325} = {32C75078-F6CE-4C5C-952B-3F462E9EC1DC}
	EndGlobalSection
	GlobalSection(ExtensibilityGlobals) = postSolution
		SolutionGuid = {39AF5BEA-7778-42BC-B49B-F816B16706E0}
	EndGlobalSection
EndGlobal
