<?xml version="1.0" encoding="utf-8"?>
<Project ToolsVersion="4.0" xmlns="http://schemas.microsoft.com/developer/msbuild/2003">
  <ItemGroup>
    <Filter Include="Source Files">
      <UniqueIdentifier>{4FC737F1-C7A5-4376-A066-2A32D752A2FF}</UniqueIdentifier>
      <Extensions>cpp;c;cc;cxx;def;odl;idl;hpj;bat;asm;asmx</Extensions>
    </Filter>
    <Filter Include="Header Files">
      <UniqueIdentifier>{93995380-89BD-4b04-88EB-625FBE52EBFB}</UniqueIdentifier>
      <Extensions>h;hh;hpp;hxx;hm;inl;inc;xsd</Extensions>
    </Filter>
    <Filter Include="Resource Files">
      <UniqueIdentifier>{67DA6AB6-F800-4c08-8B7A-83BB121AAD01}</UniqueIdentifier>
      <Extensions>rc;ico;cur;bmp;dlg;rc2;rct;bin;rgs;gif;jpg;jpeg;jpe;resx;tiff;tif;png;wav;mfcribbon-ms</Extensions>
    </Filter>
    <Filter Include="Source Files\GameSource">
      <UniqueIdentifier>{755ad087-58c1-40c5-b799-1016ac7d5b26}</UniqueIdentifier>
    </Filter>
    <Filter Include="Header Files\GameHeader">
      <UniqueIdentifier>{dc37f3a4-456e-418e-8bba-8d82b32d38dd}</UniqueIdentifier>
    </Filter>
    <Filter Include="Header Files\GameHeader\Model">
      <UniqueIdentifier>{5866c053-bb36-4823-8259-88b8dcc7b44e}</UniqueIdentifier>
    </Filter>
    <Filter Include="Source Files\GameSource\Model">
      <UniqueIdentifier>{3aee834b-b8c8-4267-98fb-81cdf971c719}</UniqueIdentifier>
    </Filter>
    <Filter Include="Header Files\GameHeader\Input">
      <UniqueIdentifier>{f9fe7de9-217c-42cd-b3ab-88f14968176e}</UniqueIdentifier>
    </Filter>
    <Filter Include="Source Files\GameSource\Input">
      <UniqueIdentifier>{cf1543ac-0bf8-4024-acd0-2f740fde8f5f}</UniqueIdentifier>
    </Filter>
  </ItemGroup>
  <ItemGroup>
    <ClCompile Include="main.cpp">
      <Filter>Source Files</Filter>
    </ClCompile>
    <ClCompile Include="Game.cpp">
      <Filter>Source Files\GameSource</Filter>
    </ClCompile>
    <ClCompile Include="Model.cpp">
      <Filter>Source Files\GameSource\Model</Filter>
    </ClCompile>
    <ClCompile Include="GameObject.cpp">
      <Filter>Source Files\GameSource\Model</Filter>
    </ClCompile>
    <ClCompile Include="Input.cpp">
      <Filter>Source Files\GameSource\Input</Filter>
    </ClCompile>
    <ClCompile Include="Command.cpp">
      <Filter>Source Files\GameSource\Input</Filter>
    </ClCompile>
  </ItemGroup>
  <ItemGroup>
    <None Include="ClassDiagram.cd" />
    <None Include="ClassDiagram1.cd" />
  </ItemGroup>
  <ItemGroup>
    <ClInclude Include="Game.h">
      <Filter>Header Files\GameHeader</Filter>
    </ClInclude>
    <ClInclude Include="Model.h">
      <Filter>Header Files\GameHeader\Model</Filter>
    </ClInclude>
    <ClInclude Include="GameObject.h">
      <Filter>Header Files\GameHeader\Model</Filter>
    </ClInclude>
    <ClInclude Include="Input.h">
      <Filter>Header Files\GameHeader\Input</Filter>
    </ClInclude>
    <ClInclude Include="Command.h">
      <Filter>Header Files\GameHeader\Input</Filter>
    </ClInclude>
  </ItemGroup>
</Project>