<?xml version="1.0" encoding="utf-8"?>
<Project ToolsVersion="4.0" xmlns="http://schemas.microsoft.com/developer/msbuild/2003">
  <ItemGroup>
    <Filter Include="Source Files">
      <UniqueIdentifier>{4FC737F1-C7A5-4376-A066-2A32D752A2FF}</UniqueIdentifier>
      <Extensions>cpp;c;cc;cxx;def;odl;idl;hpj;bat;asm;asmx</Extensions>
    </Filter>
    <Filter Include="Header Files">
      <UniqueIdentifier>{93995380-89BD-4b04-88EB-625FBE52EBFB}</UniqueIdentifier>
      <Extensions>h;hh;hpp;hxx;hm;inl;inc;xsd</Extensions>
    </Filter>
    <Filter Include="Resource Files">
      <UniqueIdentifier>{67DA6AB6-F800-4c08-8B7A-83BB121AAD01}</UniqueIdentifier>
      <Extensions>rc;ico;cur;bmp;dlg;rc2;rct;bin;rgs;gif;jpg;jpeg;jpe;resx;tiff;tif;png;wav;mfcribbon-ms</Extensions>
    </Filter>
    <Filter Include="Header Files\JobManager">
      <UniqueIdentifier>{a0a0d2cf-a2ed-4190-95d6-ad723fbf4b9e}</UniqueIdentifier>
    </Filter>
    <Filter Include="Header Files\ThreadManager">
      <UniqueIdentifier>{1db6690e-08fc-450d-a07c-733a4bec0fa6}</UniqueIdentifier>
    </Filter>
    <Filter Include="Source Files\ThreadManager">
      <UniqueIdentifier>{2cafc0fe-68e1-40ef-a470-99826aa986bc}</UniqueIdentifier>
    </Filter>
    <Filter Include="Source Files\JobManager">
      <UniqueIdentifier>{9f0e95aa-8603-4b0b-b046-efb22424c834}</UniqueIdentifier>
    </Filter>
  </ItemGroup>
  <ItemGroup>
    <None Include="packages.config" />
  </ItemGroup>
  <ItemGroup>
    <ClInclude Include="include\ThreadManager\ThreadManager.h">
      <Filter>Header Files\ThreadManager</Filter>
    </ClInclude>
    <ClInclude Include="include\JobManager\JobManager.h">
      <Filter>Header Files\JobManager</Filter>
    </ClInclude>
    <ClInclude Include="include\JobManager\Job.h">
      <Filter>Header Files\JobManager</Filter>
    </ClInclude>
    <ClInclude Include="Frame.h">
      <Filter>Header Files\JobManager</Filter>
    </ClInclude>
  </ItemGroup>
  <ItemGroup>
    <ClCompile Include="src\main.cpp">
      <Filter>Source Files</Filter>
    </ClCompile>
    <ClCompile Include="src\ThreadManager\ThreadManager.cpp">
      <Filter>Source Files\ThreadManager</Filter>
    </ClCompile>
    <ClCompile Include="src\JobManager\JobManager.cpp">
      <Filter>Source Files\JobManager</Filter>
    </ClCompile>
    <ClCompile Include="Job.cpp">
      <Filter>Source Files\JobManager</Filter>
    </ClCompile>
  </ItemGroup>
</Project>